
Microsoft Visual Studio Solution File, Format Version 12.00
# Visual Studio Version 17
VisualStudioVersion = 17.7.34221.43
MinimumVisualStudioVersion = 10.0.40219.1
Project("{9A19103F-16F7-4668-BE54-9A1E7A4F7556}") = "Back_end", "Back_end\Back_end.csproj", "{67CB7488-272E-4E8A-8E42-CF63FA8929DC}"
EndProject
Project("{9A19103F-16F7-4668-BE54-9A1E7A4F7556}") = "Model", "Model\Model.csproj", "{C3C01C98-FD92-40B9-B084-634A706A3856}"
EndProject
Project("{9A19103F-16F7-4668-BE54-9A1E7A4F7556}") = "BUS", "BLL\BUS.csproj", "{727B7DE6-F745-4415-8575-2A025F19DB84}"
EndProject
Project("{9A19103F-16F7-4668-BE54-9A1E7A4F7556}") = "DTO", "DTO\DTO.csproj", "{9FC37264-ABB5-4387-8CE6-EB24C88E21A2}"
EndProject
Project("{FAE04EC0-301F-11D3-BF4B-00C04F79EFBC}") = "DAL", "DA\DAL.csproj", "{1554D9EA-D101-4A92-9661-CDE25402A22F}"
EndProject
Global
	GlobalSection(SolutionConfigurationPlatforms) = preSolution
		Debug|Any CPU = Debug|Any CPU
		Release|Any CPU = Release|Any CPU
	EndGlobalSection
	GlobalSection(ProjectConfigurationPlatforms) = postSolution
		{67CB7488-272E-4E8A-8E42-CF63FA8929DC}.Debug|Any CPU.ActiveCfg = Debug|Any CPU
		{67CB7488-272E-4E8A-8E42-CF63FA8929DC}.Debug|Any CPU.Build.0 = Debug|Any CPU
		{67CB7488-272E-4E8A-8E42-CF63FA8929DC}.Release|Any CPU.ActiveCfg = Release|Any CPU
		{67CB7488-272E-4E8A-8E42-CF63FA8929DC}.Release|Any CPU.Build.0 = Release|Any CPU
		{C3C01C98-FD92-40B9-B084-634A706A3856}.Debug|Any CPU.ActiveCfg = Debug|Any CPU
		{C3C01C98-FD92-40B9-B084-634A706A3856}.Debug|Any CPU.Build.0 = Debug|Any CPU
		{C3C01C98-FD92-40B9-B084-634A706A3856}.Release|Any CPU.ActiveCfg = Release|Any CPU
		{C3C01C98-FD92-40B9-B084-634A706A3856}.Release|Any CPU.Build.0 = Release|Any CPU
		{727B7DE6-F745-4415-8575-2A025F19DB84}.Debug|Any CPU.ActiveCfg = Debug|Any CPU
		{727B7DE6-F745-4415-8575-2A025F19DB84}.Debug|Any CPU.Build.0 = Debug|Any CPU
		{727B7DE6-F745-4415-8575-2A025F19DB84}.Release|Any CPU.ActiveCfg = Release|Any CPU
		{727B7DE6-F745-4415-8575-2A025F19DB84}.Release|Any CPU.Build.0 = Release|Any CPU
		{9FC37264-ABB5-4387-8CE6-EB24C88E21A2}.Debug|Any CPU.ActiveCfg = Debug|Any CPU
		{9FC37264-ABB5-4387-8CE6-EB24C88E21A2}.Debug|Any CPU.Build.0 = Debug|Any CPU
		{9FC37264-ABB5-4387-8CE6-EB24C88E21A2}.Release|Any CPU.ActiveCfg = Release|Any CPU
		{9FC37264-ABB5-4387-8CE6-EB24C88E21A2}.Release|Any CPU.Build.0 = Release|Any CPU
		{1554D9EA-D101-4A92-9661-CDE25402A22F}.Debug|Any CPU.ActiveCfg = Debug|Any CPU
		{1554D9EA-D101-4A92-9661-CDE25402A22F}.Debug|Any CPU.Build.0 = Debug|Any CPU
		{1554D9EA-D101-4A92-9661-CDE25402A22F}.Release|Any CPU.ActiveCfg = Release|Any CPU
		{1554D9EA-D101-4A92-9661-CDE25402A22F}.Release|Any CPU.Build.0 = Release|Any CPU
	EndGlobalSection
	GlobalSection(SolutionProperties) = preSolution
		HideSolutionNode = FALSE
	EndGlobalSection
	GlobalSection(ExtensibilityGlobals) = postSolution
		SolutionGuid = {6B7345CF-5C48-420D-8C2A-81311D311240}
	EndGlobalSection
EndGlobal
